
Microsoft Visual Studio Solution File, Format Version 12.00
# Visual Studio 15
VisualStudioVersion = 15.0.27130.2024
MinimumVisualStudioVersion = 10.0.40219.1
Project("{FAE04EC0-301F-11D3-BF4B-00C04F79EFBC}") = "Julia", "Julia.csproj", "{66A3D2C9-0F73-4A7E-AFC0-6BDBC32F0075}"
EndProject
Global
	GlobalSection(SolutionConfigurationPlatforms) = preSolution
		Debug|Any CPU = Debug|Any CPU
		Release|Any CPU = Release|Any CPU
	EndGlobalSection
	GlobalSection(ProjectConfigurationPlatforms) = postSolution
		{66A3D2C9-0F73-4A7E-AFC0-6BDBC32F0075}.Debug|Any CPU.ActiveCfg = Debug|Any CPU
		{66A3D2C9-0F73-4A7E-AFC0-6BDBC32F0075}.Debug|Any CPU.Build.0 = Debug|Any CPU
		{66A3D2C9-0F73-4A7E-AFC0-6BDBC32F0075}.Release|Any CPU.ActiveCfg = Release|Any CPU
		{66A3D2C9-0F73-4A7E-AFC0-6BDBC32F0075}.Release|Any CPU.Build.0 = Release|Any CPU
	EndGlobalSection
	GlobalSection(SolutionProperties) = preSolution
		HideSolutionNode = FALSE
	EndGlobalSection
	GlobalSection(ExtensibilityGlobals) = postSolution
		SolutionGuid = {57DDED74-B91C-4AF6-9338-3C16730E56E5}
	EndGlobalSection
EndGlobal
